
Microsoft Visual Studio Solution File, Format Version 12.00
# Visual Studio Version 16
VisualStudioVersion = 16.0.29709.97
MinimumVisualStudioVersion = 10.0.40219.1
Project("{FAE04EC0-301F-11D3-BF4B-00C04F79EFBC}") = "SmallAnalytics.Core", "SmallAnalytics.Core\SmallAnalytics.Core.csproj", "{4BD2B747-6DB0-4D68-806B-00014FBC81C5}"
EndProject
Project("{FAE04EC0-301F-11D3-BF4B-00C04F79EFBC}") = "SmallAnalytics.WebAPI", "SmallAnalytics.WebAPI\SmallAnalytics.WebAPI.csproj", "{7CF98207-7AB3-456B-8973-59D03A8994F6}"
EndProject
Project("{FAE04EC0-301F-11D3-BF4B-00C04F79EFBC}") = "SmallAnalytics.MsSQL", "SmallAnalytics.MsSQL\SmallAnalytics.MsSQL.csproj", "{63783E23-A5AF-43FD-AC0F-860977A5DA3E}"
EndProject
Project("{FAE04EC0-301F-11D3-BF4B-00C04F79EFBC}") = "SmallAnalytics.Tests", "SmallAnalytics.Tests\SmallAnalytics.Tests.csproj", "{A3ACBAA3-6809-4A3C-B197-4EC5778CC8C7}"
EndProject
Global
	GlobalSection(SolutionConfigurationPlatforms) = preSolution
		Debug|Any CPU = Debug|Any CPU
		Release|Any CPU = Release|Any CPU
	EndGlobalSection
	GlobalSection(ProjectConfigurationPlatforms) = postSolution
		{4BD2B747-6DB0-4D68-806B-00014FBC81C5}.Debug|Any CPU.ActiveCfg = Debug|Any CPU
		{4BD2B747-6DB0-4D68-806B-00014FBC81C5}.Debug|Any CPU.Build.0 = Debug|Any CPU
		{4BD2B747-6DB0-4D68-806B-00014FBC81C5}.Release|Any CPU.ActiveCfg = Release|Any CPU
		{4BD2B747-6DB0-4D68-806B-00014FBC81C5}.Release|Any CPU.Build.0 = Release|Any CPU
		{7CF98207-7AB3-456B-8973-59D03A8994F6}.Debug|Any CPU.ActiveCfg = Debug|Any CPU
		{7CF98207-7AB3-456B-8973-59D03A8994F6}.Debug|Any CPU.Build.0 = Debug|Any CPU
		{7CF98207-7AB3-456B-8973-59D03A8994F6}.Release|Any CPU.ActiveCfg = Release|Any CPU
		{7CF98207-7AB3-456B-8973-59D03A8994F6}.Release|Any CPU.Build.0 = Release|Any CPU
		{63783E23-A5AF-43FD-AC0F-860977A5DA3E}.Debug|Any CPU.ActiveCfg = Debug|Any CPU
		{63783E23-A5AF-43FD-AC0F-860977A5DA3E}.Debug|Any CPU.Build.0 = Debug|Any CPU
		{63783E23-A5AF-43FD-AC0F-860977A5DA3E}.Release|Any CPU.ActiveCfg = Release|Any CPU
		{63783E23-A5AF-43FD-AC0F-860977A5DA3E}.Release|Any CPU.Build.0 = Release|Any CPU
		{A3ACBAA3-6809-4A3C-B197-4EC5778CC8C7}.Debug|Any CPU.ActiveCfg = Debug|Any CPU
		{A3ACBAA3-6809-4A3C-B197-4EC5778CC8C7}.Debug|Any CPU.Build.0 = Debug|Any CPU
		{A3ACBAA3-6809-4A3C-B197-4EC5778CC8C7}.Release|Any CPU.ActiveCfg = Release|Any CPU
		{A3ACBAA3-6809-4A3C-B197-4EC5778CC8C7}.Release|Any CPU.Build.0 = Release|Any CPU
	EndGlobalSection
	GlobalSection(SolutionProperties) = preSolution
		HideSolutionNode = FALSE
	EndGlobalSection
	GlobalSection(ExtensibilityGlobals) = postSolution
		SolutionGuid = {14742E8E-89FB-4187-9868-5A25218FD187}
	EndGlobalSection
EndGlobal
